# THIS IS AN AUTOGENERATED FILE. DO NOT EDIT THIS FILE DIRECTLY.
# yarn lockfile v1


"@prisma/client@3.8.0":
  version "3.8.0"
  resolved "https://registry.yarnpkg.com/@prisma/client/-/client-3.8.0.tgz#b92ad9e91e8a82139e0ea1d4f3266a926d1ea97f"
  integrity sha512-odYAbzfGvVWpDxhk2Yb03DlcCg6zKgJjt5admcp4xtr7u0f76B2NppC4TSGxvdQUGzPI6G37afu2oZCb/uwGfg==
  dependencies:
    "@prisma/engines-version" "3.8.0-43.34df67547cf5598f5a6cd3eb45f14ee70c3fb86f"

"@prisma/engines-version@3.8.0-43.34df67547cf5598f5a6cd3eb45f14ee70c3fb86f":
  version "3.8.0-43.34df67547cf5598f5a6cd3eb45f14ee70c3fb86f"
  resolved "https://registry.yarnpkg.com/@prisma/engines-version/-/engines-version-3.8.0-43.34df67547cf5598f5a6cd3eb45f14ee70c3fb86f.tgz#4c8d9744b5e54650a8ba5fde0a711399d6adba24"
  integrity sha512-G2JH6yWt6ixGKmsRmVgaQYahfwMopim0u/XLIZUo2o/mZ5jdu7+BL+2V5lZr7XiG1axhyrpvlyqE/c0OgYSl3g==

"@prisma/engines@3.8.0-43.34df67547cf5598f5a6cd3eb45f14ee70c3fb86f":
  version "3.8.0-43.34df67547cf5598f5a6cd3eb45f14ee70c3fb86f"
  resolved "https://registry.yarnpkg.com/@prisma/engines/-/engines-3.8.0-43.34df67547cf5598f5a6cd3eb45f14ee70c3fb86f.tgz#4479099b99f6a082ce5843ee7208943ccedd127f"
  integrity sha512-bHYubuItSN/DGYo36aDu7xJiJmK52JOSHs4MK+KbceAtwS20BCWadRgtpQ3iZ2EXfN/B1T0iCXlNraaNwnpU2w==

"@types/node@^17.0.8":
  version "17.0.8"
  resolved "https://registry.yarnpkg.com/@types/node/-/node-17.0.8.tgz#50d680c8a8a78fe30abe6906453b21ad8ab0ad7b"
  integrity sha512-YofkM6fGv4gDJq78g4j0mMuGMkZVxZDgtU0JRdx6FgiJDG+0fY0GKVolOV8WqVmEhLCXkQRjwDdKyPxJp/uucg==

nanoid@^3.1.31:
  version "3.1.31"
  resolved "https://registry.yarnpkg.com/nanoid/-/nanoid-3.1.31.tgz#f5b58a1ce1b7604da5f0605757840598d8974dc6"
  integrity sha512-ZivnJm0o9bb13p2Ot5CpgC2rQdzB9Uxm/mFZweqm5eMViqOJe3PV6LU2E30SiLgheesmcPrjquqraoolONSA0A==

prettier@^2.5.1:
  version "2.5.1"
  resolved "https://registry.yarnpkg.com/prettier/-/prettier-2.5.1.tgz#fff75fa9d519c54cf0fce328c1017d94546bc56a"
  integrity sha512-vBZcPRUR5MZJwoyi3ZoyQlc1rXeEck8KgeC9AwwOn+exuxLxq5toTRDTSaVrXHxelDMHy9zlicw8u66yxoSUFg==

prisma@^3.8.0:
  version "3.8.0"
  resolved "https://registry.yarnpkg.com/prisma/-/prisma-3.8.0.tgz#6aecfee801133d63467e1b6e17416251d5ea6e2e"
  integrity sha512-xLmVyO/L6C4ZdHzHqiJVq3ZfDWSym29x75JcwJx746ps61UcNEg4ozSwN9ud7UjXLntdXe1xDLNOUO1lc7LN5g==
  dependencies:
    "@prisma/engines" "3.8.0-43.34df67547cf5598f5a6cd3eb45f14ee70c3fb86f"

tsc@^2.0.3:
  version "2.0.3"
  resolved "https://registry.yarnpkg.com/tsc/-/tsc-2.0.3.tgz#037fe579e3bd67a5cbdaa604b43c6c1991b04bef"
  integrity sha512-SN+9zBUtrpUcOpaUO7GjkEHgWtf22c7FKbKCA4e858eEM7Qz86rRDpgOU2lBIDf0fLCsEg65ms899UMUIB2+Ow==

typescript@^4.5.4:
  version "4.5.4"
  resolved "https://registry.yarnpkg.com/typescript/-/typescript-4.5.4.tgz#a17d3a0263bf5c8723b9c52f43c5084edf13c2e8"
  integrity sha512-VgYs2A2QIRuGphtzFV7aQJduJ2gyfTljngLzjpfW9FoYZF6xuw1W0vW9ghCKLfcWrCFxK81CSGRAvS1pn4fIUg==
